Microsoft Visual Studio Solution File, Format Version 11.00
# Visual Studio 2008

Project("{4E39AC57-3431-6451-F0BA-475689540FC7}") = "FighterGame 2 Player Project", "Assembly-CSharp.csproj", "{20433162-2B35-6251-4E61-5AC1AF77C363}"
EndProject
Global
	GlobalSection(SolutionConfigurationPlatforms) = preSolution
		Debug|Any CPU = Debug|Any CPU
		Release|Any CPU = Release|Any CPU
	EndGlobalSection
	GlobalSection(ProjectConfigurationPlatforms) = postSolution
		{20433162-2B35-6251-4E61-5AC1AF77C363}.Debug|Any CPU.ActiveCfg = Debug|Any CPU
		{20433162-2B35-6251-4E61-5AC1AF77C363}.Debug|Any CPU.Build.0 = Debug|Any CPU
		{20433162-2B35-6251-4E61-5AC1AF77C363}.Release|Any CPU.ActiveCfg = Release|Any CPU
		{20433162-2B35-6251-4E61-5AC1AF77C363}.Release|Any CPU.Build.0 = Release|Any CPU
	EndGlobalSection
	GlobalSection(SolutionProperties) = preSolution
		HideSolutionNode = FALSE
	EndGlobalSection
	GlobalSection(MonoDevelopProperties) = preSolution
		StartupItem = Assembly-CSharp.csproj
	EndGlobalSection
EndGlobal
