Microsoft Visual Studio Solution File, Format Version 11.00
# Visual Studio 2008

Project("{7B44828F-F0FE-B948-D23D-2F4BD41FE71F}") = "FighterGame 2 Player BACKUP", "Assembly-CSharp.csproj", "{979F8E8B-7B99-87B5-775D-5BAB67B1E86C}"
EndProject
Global
	GlobalSection(SolutionConfigurationPlatforms) = preSolution
		Debug|Any CPU = Debug|Any CPU
		Release|Any CPU = Release|Any CPU
	EndGlobalSection
	GlobalSection(ProjectConfigurationPlatforms) = postSolution
		{979F8E8B-7B99-87B5-775D-5BAB67B1E86C}.Debug|Any CPU.ActiveCfg = Debug|Any CPU
		{979F8E8B-7B99-87B5-775D-5BAB67B1E86C}.Debug|Any CPU.Build.0 = Debug|Any CPU
		{979F8E8B-7B99-87B5-775D-5BAB67B1E86C}.Release|Any CPU.ActiveCfg = Release|Any CPU
		{979F8E8B-7B99-87B5-775D-5BAB67B1E86C}.Release|Any CPU.Build.0 = Release|Any CPU
	EndGlobalSection
	GlobalSection(SolutionProperties) = preSolution
		HideSolutionNode = FALSE
	EndGlobalSection
	GlobalSection(MonoDevelopProperties) = preSolution
		StartupItem = Assembly-CSharp.csproj
	EndGlobalSection
EndGlobal
