Microsoft Visual Studio Solution File, Format Version 11.00
# Visual Studio 2008

Project("{C365B508-D904-FD12-AE8F-DCBBB54BD8C4}") = "FighterGame-2-Player-Project", "Assembly-CSharp.csproj", "{66B0EE95-121D-5163-D785-39FB408BF862}"
EndProject
Global
	GlobalSection(SolutionConfigurationPlatforms) = preSolution
		Debug|Any CPU = Debug|Any CPU
		Release|Any CPU = Release|Any CPU
	EndGlobalSection
	GlobalSection(ProjectConfigurationPlatforms) = postSolution
		{66B0EE95-121D-5163-D785-39FB408BF862}.Debug|Any CPU.ActiveCfg = Debug|Any CPU
		{66B0EE95-121D-5163-D785-39FB408BF862}.Debug|Any CPU.Build.0 = Debug|Any CPU
		{66B0EE95-121D-5163-D785-39FB408BF862}.Release|Any CPU.ActiveCfg = Release|Any CPU
		{66B0EE95-121D-5163-D785-39FB408BF862}.Release|Any CPU.Build.0 = Release|Any CPU
	EndGlobalSection
	GlobalSection(SolutionProperties) = preSolution
		HideSolutionNode = FALSE
	EndGlobalSection
	GlobalSection(MonoDevelopProperties) = preSolution
		StartupItem = Assembly-CSharp.csproj
	EndGlobalSection
EndGlobal
